
Microsoft Visual Studio Solution File, Format Version 12.00
# Visual Studio Version 17
VisualStudioVersion = 17.11.35208.52
MinimumVisualStudioVersion = 10.0.40219.1
Project("{F184B08F-C81C-45F6-A57F-5ABD9991F28F}") = "ChromiumApplicationTest", "ChromiumApplicationTest#\ChromiumApplicationTest.vbproj", "{8FE0989C-478F-4D32-B708-B0A35DDAF006}"
EndProject
Global
	GlobalSection(SolutionConfigurationPlatforms) = preSolution
		Debug|Any CPU = Debug|Any CPU
		Release|Any CPU = Release|Any CPU
	EndGlobalSection
	GlobalSection(ProjectConfigurationPlatforms) = postSolution
		{8FE0989C-478F-4D32-B708-B0A35DDAF006}.Debug|Any CPU.ActiveCfg = Debug|Any CPU
		{8FE0989C-478F-4D32-B708-B0A35DDAF006}.Debug|Any CPU.Build.0 = Debug|Any CPU
		{8FE0989C-478F-4D32-B708-B0A35DDAF006}.Release|Any CPU.ActiveCfg = Release|Any CPU
		{8FE0989C-478F-4D32-B708-B0A35DDAF006}.Release|Any CPU.Build.0 = Release|Any CPU
	EndGlobalSection
	GlobalSection(SolutionProperties) = preSolution
		HideSolutionNode = FALSE
	EndGlobalSection
	GlobalSection(ExtensibilityGlobals) = postSolution
		SolutionGuid = {AAA1D84F-309D-4651-85B3-0EAB125EC8DD}
	EndGlobalSection
EndGlobal
